
Microsoft Visual Studio Solution File, Format Version 12.00
# Visual Studio Version 16
VisualStudioVersion = 16.0.29709.97
MinimumVisualStudioVersion = 10.0.40219.1
Project("{FAE04EC0-301F-11D3-BF4B-00C04F79EFBC}") = "Hiscore.ApiHost", "Hiscore.ApiHost\Hiscore.ApiHost.csproj", "{30FF8C3B-513D-4D31-969B-930A8B3267F8}"
EndProject
Project("{2150E333-8FDC-42A3-9474-1A3956D46DE8}") = "Solution Items", "Solution Items", "{C8322E8B-F246-4DCE-A36F-509C848A3D18}"
	ProjectSection(SolutionItems) = preProject
		.editorconfig = .editorconfig
	EndProjectSection
EndProject
Global
	GlobalSection(SolutionConfigurationPlatforms) = preSolution
		Debug|Any CPU = Debug|Any CPU
		Release|Any CPU = Release|Any CPU
	EndGlobalSection
	GlobalSection(ProjectConfigurationPlatforms) = postSolution
		{30FF8C3B-513D-4D31-969B-930A8B3267F8}.Debug|Any CPU.ActiveCfg = Debug|Any CPU
		{30FF8C3B-513D-4D31-969B-930A8B3267F8}.Debug|Any CPU.Build.0 = Debug|Any CPU
		{30FF8C3B-513D-4D31-969B-930A8B3267F8}.Release|Any CPU.ActiveCfg = Release|Any CPU
		{30FF8C3B-513D-4D31-969B-930A8B3267F8}.Release|Any CPU.Build.0 = Release|Any CPU
	EndGlobalSection
	GlobalSection(SolutionProperties) = preSolution
		HideSolutionNode = FALSE
	EndGlobalSection
	GlobalSection(ExtensibilityGlobals) = postSolution
		SolutionGuid = {042C526B-976A-4C2B-949F-9969B38D7043}
	EndGlobalSection
EndGlobal
